
Microsoft Visual Studio Solution File, Format Version 12.00
# Visual Studio 15
Project("{FAE04EC0-301F-11D3-BF4B-00C04F79EFBC}") = "ASPWebMVCDocker", "ASPWebMVCDocker\ASPWebMVCDocker.csproj", "{620AA632-B93B-46EE-B96D-DA767B5DFBA5}"
EndProject
Global
	GlobalSection(SolutionConfigurationPlatforms) = preSolution
		Debug|Any CPU = Debug|Any CPU
		Release|Any CPU = Release|Any CPU
	EndGlobalSection
	GlobalSection(ProjectConfigurationPlatforms) = postSolution
		{620AA632-B93B-46EE-B96D-DA767B5DFBA5}.Debug|Any CPU.ActiveCfg = Debug|Any CPU
		{620AA632-B93B-46EE-B96D-DA767B5DFBA5}.Debug|Any CPU.Build.0 = Debug|Any CPU
		{620AA632-B93B-46EE-B96D-DA767B5DFBA5}.Release|Any CPU.ActiveCfg = Release|Any CPU
		{620AA632-B93B-46EE-B96D-DA767B5DFBA5}.Release|Any CPU.Build.0 = Release|Any CPU
	EndGlobalSection
EndGlobal
